lockfileVersion: '9.0'

settings:
  autoInstallPeers: true
  excludeLinksFromLockfile: false

importers:

  .:
    dependencies:
      katex:
        specifier: ^0.16.28
        version: 0.16.28

packages:

  commander@8.3.0:
    resolution: {integrity: sha512-OkTL9umf+He2DZkUq8f8J9of7yL6RJKI24dVITBmNfZBmri9zYZQrKkuXiKhyfPSu8tUhnVBB1iKXevvnlR4Ww==}
    engines: {node: '>= 12'}

  katex@0.16.28:
    resolution: {integrity: sha512-YHzO7721WbmAL6Ov1uzN/l5mY5WWWhJBSW+jq4tkfZfsxmo1hu6frS0EOswvjBUnWE6NtjEs48SFn5CQESRLZg==}
    hasBin: true

snapshots:

  commander@8.3.0: {}

  katex@0.16.28:
    dependencies:
      commander: 8.3.0
